
Microsoft Visual Studio Solution File, Format Version 12.00
# Visual Studio Version 16
VisualStudioVersion = 16.0.29424.173
MinimumVisualStudioVersion = 10.0.40219.1
Project("{FAE04EC0-301F-11D3-BF4B-00C04F79EFBC}") = "MusicPlaylistAnalyzer", "MusicPlaylistAnalyzer\MusicPlaylistAnalyzer.csproj", "{17EA786A-68D0-49F0-8B67-D85F25751A16}"
EndProject
Global
	GlobalSection(SolutionConfigurationPlatforms) = preSolution
		Debug|Any CPU = Debug|Any CPU
		Release|Any CPU = Release|Any CPU
	EndGlobalSection
	GlobalSection(ProjectConfigurationPlatforms) = postSolution
		{17EA786A-68D0-49F0-8B67-D85F25751A16}.Debug|Any CPU.ActiveCfg = Debug|Any CPU
		{17EA786A-68D0-49F0-8B67-D85F25751A16}.Debug|Any CPU.Build.0 = Debug|Any CPU
		{17EA786A-68D0-49F0-8B67-D85F25751A16}.Release|Any CPU.ActiveCfg = Release|Any CPU
		{17EA786A-68D0-49F0-8B67-D85F25751A16}.Release|Any CPU.Build.0 = Release|Any CPU
	EndGlobalSection
	GlobalSection(SolutionProperties) = preSolution
		HideSolutionNode = FALSE
	EndGlobalSection
	GlobalSection(ExtensibilityGlobals) = postSolution
		SolutionGuid = {ABD311EC-6F6B-46C3-8CBE-1E9EE31F4EB8}
	EndGlobalSection
EndGlobal
